
Microsoft Visual Studio Solution File, Format Version 12.00
# Visual Studio Version 16
VisualStudioVersion = 16.0.808.3
MinimumVisualStudioVersion = 10.0.40219.1
Project("{FAE04EC0-301F-11D3-BF4B-00C04F79EFBC}") = "Admin_VaApp", "Admin_VaApp.csproj", "{5F4BCBDE-A1A6-4957-BA3F-1812F74AE133}"
EndProject
Global
	GlobalSection(SolutionConfigurationPlatforms) = preSolution
		Debug|Any CPU = Debug|Any CPU
		Release|Any CPU = Release|Any CPU
	EndGlobalSection
	GlobalSection(ProjectConfigurationPlatforms) = postSolution
		{5F4BCBDE-A1A6-4957-BA3F-1812F74AE133}.Debug|Any CPU.ActiveCfg = Debug|Any CPU
		{5F4BCBDE-A1A6-4957-BA3F-1812F74AE133}.Debug|Any CPU.Build.0 = Debug|Any CPU
		{5F4BCBDE-A1A6-4957-BA3F-1812F74AE133}.Release|Any CPU.ActiveCfg = Release|Any CPU
		{5F4BCBDE-A1A6-4957-BA3F-1812F74AE133}.Release|Any CPU.Build.0 = Release|Any CPU
	EndGlobalSection
	GlobalSection(SolutionProperties) = preSolution
		HideSolutionNode = FALSE
	EndGlobalSection
	GlobalSection(ExtensibilityGlobals) = postSolution
		SolutionGuid = {AE6B3544-5FFF-4581-82AF-8261C4DF28D7}
	EndGlobalSection
EndGlobal
